
Microsoft Visual Studio Solution File, Format Version 12.00
# Visual Studio 15
VisualStudioVersion = 15.0.26124.0
MinimumVisualStudioVersion = 15.0.26124.0
Project("{2150E333-8FDC-42A3-9474-1A3956D46DE8}") = "src", "src", "{047B2A07-4BA1-4BBA-9979-3D17933F8E3E}"
EndProject
Project("{FAE04EC0-301F-11D3-BF4B-00C04F79EFBC}") = "CommandAPI", "src\CommandAPI\CommandAPI.csproj", "{641EC6AB-2210-46FB-AA63-FD6C528AEA86}"
EndProject
Project("{2150E333-8FDC-42A3-9474-1A3956D46DE8}") = "test", "test", "{9C696386-7065-4CFF-A1D6-5ABB3509D086}"
EndProject
Project("{FAE04EC0-301F-11D3-BF4B-00C04F79EFBC}") = "CommandAPI.Tests", "test\CommandAPI.Tests\CommandAPI.Tests.csproj", "{6D7285A2-E32E-41B8-96A7-8A974D0FD5F8}"
EndProject
Global
	GlobalSection(SolutionConfigurationPlatforms) = preSolution
		Debug|Any CPU = Debug|Any CPU
		Debug|x64 = Debug|x64
		Debug|x86 = Debug|x86
		Release|Any CPU = Release|Any CPU
		Release|x64 = Release|x64
		Release|x86 = Release|x86
	EndGlobalSection
	GlobalSection(SolutionProperties) = preSolution
		HideSolutionNode = FALSE
	EndGlobalSection
	GlobalSection(ProjectConfigurationPlatforms) = postSolution
		{641EC6AB-2210-46FB-AA63-FD6C528AEA86}.Debug|Any CPU.ActiveCfg = Debug|Any CPU
		{641EC6AB-2210-46FB-AA63-FD6C528AEA86}.Debug|Any CPU.Build.0 = Debug|Any CPU
		{641EC6AB-2210-46FB-AA63-FD6C528AEA86}.Debug|x64.ActiveCfg = Debug|Any CPU
		{641EC6AB-2210-46FB-AA63-FD6C528AEA86}.Debug|x64.Build.0 = Debug|Any CPU
		{641EC6AB-2210-46FB-AA63-FD6C528AEA86}.Debug|x86.ActiveCfg = Debug|Any CPU
		{641EC6AB-2210-46FB-AA63-FD6C528AEA86}.Debug|x86.Build.0 = Debug|Any CPU
		{641EC6AB-2210-46FB-AA63-FD6C528AEA86}.Release|Any CPU.ActiveCfg = Release|Any CPU
		{641EC6AB-2210-46FB-AA63-FD6C528AEA86}.Release|Any CPU.Build.0 = Release|Any CPU
		{641EC6AB-2210-46FB-AA63-FD6C528AEA86}.Release|x64.ActiveCfg = Release|Any CPU
		{641EC6AB-2210-46FB-AA63-FD6C528AEA86}.Release|x64.Build.0 = Release|Any CPU
		{641EC6AB-2210-46FB-AA63-FD6C528AEA86}.Release|x86.ActiveCfg = Release|Any CPU
		{641EC6AB-2210-46FB-AA63-FD6C528AEA86}.Release|x86.Build.0 = Release|Any CPU
		{6D7285A2-E32E-41B8-96A7-8A974D0FD5F8}.Debug|Any CPU.ActiveCfg = Debug|Any CPU
		{6D7285A2-E32E-41B8-96A7-8A974D0FD5F8}.Debug|Any CPU.Build.0 = Debug|Any CPU
		{6D7285A2-E32E-41B8-96A7-8A974D0FD5F8}.Debug|x64.ActiveCfg = Debug|Any CPU
		{6D7285A2-E32E-41B8-96A7-8A974D0FD5F8}.Debug|x64.Build.0 = Debug|Any CPU
		{6D7285A2-E32E-41B8-96A7-8A974D0FD5F8}.Debug|x86.ActiveCfg = Debug|Any CPU
		{6D7285A2-E32E-41B8-96A7-8A974D0FD5F8}.Debug|x86.Build.0 = Debug|Any CPU
		{6D7285A2-E32E-41B8-96A7-8A974D0FD5F8}.Release|Any CPU.ActiveCfg = Release|Any CPU
		{6D7285A2-E32E-41B8-96A7-8A974D0FD5F8}.Release|Any CPU.Build.0 = Release|Any CPU
		{6D7285A2-E32E-41B8-96A7-8A974D0FD5F8}.Release|x64.ActiveCfg = Release|Any CPU
		{6D7285A2-E32E-41B8-96A7-8A974D0FD5F8}.Release|x64.Build.0 = Release|Any CPU
		{6D7285A2-E32E-41B8-96A7-8A974D0FD5F8}.Release|x86.ActiveCfg = Release|Any CPU
		{6D7285A2-E32E-41B8-96A7-8A974D0FD5F8}.Release|x86.Build.0 = Release|Any CPU
	EndGlobalSection
	GlobalSection(NestedProjects) = preSolution
		{641EC6AB-2210-46FB-AA63-FD6C528AEA86} = {047B2A07-4BA1-4BBA-9979-3D17933F8E3E}
		{6D7285A2-E32E-41B8-96A7-8A974D0FD5F8} = {9C696386-7065-4CFF-A1D6-5ABB3509D086}
	EndGlobalSection
EndGlobal
